Microsoft Visual Studio Solution File, Format Version 12.00
# Visual Studio Version 16
VisualStudioVersion = 16.0.0.0
MinimumVisualStudioVersion = 16.0.0.0
Project("{9A19103F-16F7-4668-BE54-9A1E7A4F7556}") = "BlazorSignalRApp.Server", "Server\BlazorSignalRApp.Server.csproj", "{03E3885E-E3B1-4622-958B-760B2BD97895}"
EndProject
Project("{9A19103F-16F7-4668-BE54-9A1E7A4F7556}") = "BlazorSignalRApp.Client", "Client\BlazorSignalRApp.Client.csproj", "{BB705AB9-96FF-4031-932E-F877B520846E}"
EndProject
Project("{9A19103F-16F7-4668-BE54-9A1E7A4F7556}") = "BlazorSignalRApp.Shared", "Shared\BlazorSignalRApp.Shared.csproj", "{91BB18F1-4BFD-48F1-90E7-B2975F410073}"
EndProject
Global
	GlobalSection(SolutionConfigurationPlatforms) = preSolution
		Debug|Any CPU = Debug|Any CPU
		Debug|x64 = Debug|x64
		Debug|x86 = Debug|x86
		Release|Any CPU = Release|Any CPU
		Release|x64 = Release|x64
		Release|x86 = Release|x86
	EndGlobalSection
	GlobalSection(ProjectConfigurationPlatforms) = postSolution
		{BB705AB9-96FF-4031-932E-F877B520846E}.Debug|Any CPU.ActiveCfg = Debug|Any CPU
		{BB705AB9-96FF-4031-932E-F877B520846E}.Debug|Any CPU.Build.0 = Debug|Any CPU
		{BB705AB9-96FF-4031-932E-F877B520846E}.Debug|x64.ActiveCfg = Debug|Any CPU
		{BB705AB9-96FF-4031-932E-F877B520846E}.Debug|x64.Build.0 = Debug|Any CPU
		{BB705AB9-96FF-4031-932E-F877B520846E}.Debug|x86.ActiveCfg = Debug|Any CPU
		{BB705AB9-96FF-4031-932E-F877B520846E}.Debug|x86.Build.0 = Debug|Any CPU
		{BB705AB9-96FF-4031-932E-F877B520846E}.Release|Any CPU.ActiveCfg = Release|Any CPU
		{BB705AB9-96FF-4031-932E-F877B520846E}.Release|Any CPU.Build.0 = Release|Any CPU
		{BB705AB9-96FF-4031-932E-F877B520846E}.Release|x64.ActiveCfg = Release|Any CPU
		{BB705AB9-96FF-4031-932E-F877B520846E}.Release|x64.Build.0 = Release|Any CPU
		{BB705AB9-96FF-4031-932E-F877B520846E}.Release|x86.ActiveCfg = Release|Any CPU
		{BB705AB9-96FF-4031-932E-F877B520846E}.Release|x86.Build.0 = Release|Any CPU
		{03E3885E-E3B1-4622-958B-760B2BD97895}.Debug|Any CPU.ActiveCfg = Debug|Any CPU
		{03E3885E-E3B1-4622-958B-760B2BD97895}.Debug|Any CPU.Build.0 = Debug|Any CPU
		{03E3885E-E3B1-4622-958B-760B2BD97895}.Debug|x64.ActiveCfg = Debug|Any CPU
		{03E3885E-E3B1-4622-958B-760B2BD97895}.Debug|x64.Build.0 = Debug|Any CPU
		{03E3885E-E3B1-4622-958B-760B2BD97895}.Debug|x86.ActiveCfg = Debug|Any CPU
		{03E3885E-E3B1-4622-958B-760B2BD97895}.Debug|x86.Build.0 = Debug|Any CPU
		{03E3885E-E3B1-4622-958B-760B2BD97895}.Release|Any CPU.ActiveCfg = Release|Any CPU
		{03E3885E-E3B1-4622-958B-760B2BD97895}.Release|Any CPU.Build.0 = Release|Any CPU
		{03E3885E-E3B1-4622-958B-760B2BD97895}.Release|x64.ActiveCfg = Release|Any CPU
		{03E3885E-E3B1-4622-958B-760B2BD97895}.Release|x64.Build.0 = Release|Any CPU
		{03E3885E-E3B1-4622-958B-760B2BD97895}.Release|x86.ActiveCfg = Release|Any CPU
		{03E3885E-E3B1-4622-958B-760B2BD97895}.Release|x86.Build.0 = Release|Any CPU
		{91BB18F1-4BFD-48F1-90E7-B2975F410073}.Debug|Any CPU.ActiveCfg = Debug|Any CPU
		{91BB18F1-4BFD-48F1-90E7-B2975F410073}.Debug|Any CPU.Build.0 = Debug|Any CPU
		{91BB18F1-4BFD-48F1-90E7-B2975F410073}.Debug|x64.ActiveCfg = Debug|Any CPU
		{91BB18F1-4BFD-48F1-90E7-B2975F410073}.Debug|x64.Build.0 = Debug|Any CPU
		{91BB18F1-4BFD-48F1-90E7-B2975F410073}.Debug|x86.ActiveCfg = Debug|Any CPU
		{91BB18F1-4BFD-48F1-90E7-B2975F410073}.Debug|x86.Build.0 = Debug|Any CPU
		{91BB18F1-4BFD-48F1-90E7-B2975F410073}.Release|Any CPU.ActiveCfg = Release|Any CPU
		{91BB18F1-4BFD-48F1-90E7-B2975F410073}.Release|Any CPU.Build.0 = Release|Any CPU
		{91BB18F1-4BFD-48F1-90E7-B2975F410073}.Release|x64.ActiveCfg = Release|Any CPU
		{91BB18F1-4BFD-48F1-90E7-B2975F410073}.Release|x64.Build.0 = Release|Any CPU
		{91BB18F1-4BFD-48F1-90E7-B2975F410073}.Release|x86.ActiveCfg = Release|Any CPU
		{91BB18F1-4BFD-48F1-90E7-B2975F410073}.Release|x86.Build.0 = Release|Any CPU
	EndGlobalSection
	GlobalSection(SolutionProperties) = preSolution
		HideSolutionNode = FALSE
	EndGlobalSection
	GlobalSection(ExtensibilityGlobals) = postSolution
		SolutionGuid = {F5A65D28-3E4B-4FE1-9289-463BE609B64E}
	EndGlobalSection
EndGlobal